// !$*UTF8*$!
{
	archiveVersion = 1;
	classes = {
	};
	objectVersion = 56;
	objects = {

/* Begin PBXBuildFile section */
		CE16266B2A8643240080C802 /* Twitter_CloneApp.swift in Sources */ = {isa = PBXBuildFile; fileRef = CE16266A2A8643240080C802 /* Twitter_CloneApp.swift */; };
		CE16266D2A8643240080C802 /* ContentView.swift in Sources */ = {isa = PBXBuildFile; fileRef = CE16266C2A8643240080C802 /* ContentView.swift */; };
		CE16266F2A8643250080C802 /* Assets.xcassets in Resources */ = {isa = PBXBuildFile; fileRef = CE16266E2A8643250080C802 /* Assets.xcassets */; };
		CE1626732A8643250080C802 /* Preview Assets.xcassets in Resources */ = {isa = PBXBuildFile; fileRef = CE1626722A8643250080C802 /* Preview Assets.xcassets */; };
		CE1626882A86455D0080C802 /* Home.swift in Sources */ = {isa = PBXBuildFile; fileRef = CE1626872A86455D0080C802 /* Home.swift */; };
		CE16268A2A864E560080C802 /* Feed.swift in Sources */ = {isa = PBXBuildFile; fileRef = CE1626892A864E550080C802 /* Feed.swift */; };
		CE16268C2A864E630080C802 /* SearchView.swift in Sources */ = {isa = PBXBuildFile; fileRef = CE16268B2A864E630080C802 /* SearchView.swift */; };
		CE16268E2A864E750080C802 /* NotificationsView.swift in Sources */ = {isa = PBXBuildFile; fileRef = CE16268D2A864E750080C802 /* NotificationsView.swift */; };
		CE1626902A864E800080C802 /* MessagesView.swift in Sources */ = {isa = PBXBuildFile; fileRef = CE16268F2A864E800080C802 /* MessagesView.swift */; };
		CE1626922A865E430080C802 /* CreateTweetView.swift in Sources */ = {isa = PBXBuildFile; fileRef = CE1626912A865E430080C802 /* CreateTweetView.swift */; };
		CE1626962A86666F0080C802 /* MultilineTextField.swift in Sources */ = {isa = PBXBuildFile; fileRef = CE1626952A86666F0080C802 /* MultilineTextField.swift */; };
		CE1626982A86A4400080C802 /* TweetCellView.swift in Sources */ = {isa = PBXBuildFile; fileRef = CE1626972A86A4400080C802 /* TweetCellView.swift */; };
		CE16269A2A86BDD00080C802 /* SearchCell.swift in Sources */ = {isa = PBXBuildFile; fileRef = CE1626992A86BDD00080C802 /* SearchCell.swift */; };
		CE16269C2A86BF7A0080C802 /* SearchBar.swift in Sources */ = {isa = PBXBuildFile; fileRef = CE16269B2A86BF7A0080C802 /* SearchBar.swift */; };
		CE2AF3A22A9E51200047201E /* TweetCellViewModel.swift in Sources */ = {isa = PBXBuildFile; fileRef = CE2AF3A12A9E51200047201E /* TweetCellViewModel.swift */; };
		CE2AF3A52A9E5F670047201E /* Kingfisher in Frameworks */ = {isa = PBXBuildFile; productRef = CE2AF3A42A9E5F670047201E /* Kingfisher */; };
		CE2E20C62AB4F2B20010898F /* FollowersView.swift in Sources */ = {isa = PBXBuildFile; fileRef = CE2E20C52AB4F2B20010898F /* FollowersView.swift */; };
		CE2E20C82AB4F62F0010898F /* FollowingsView.swift in Sources */ = {isa = PBXBuildFile; fileRef = CE2E20C72AB4F62F0010898F /* FollowingsView.swift */; };
		CE2FDA752A9E47320054E41E /* CreateTweetViewModel.swift in Sources */ = {isa = PBXBuildFile; fileRef = CE2FDA722A9E47320054E41E /* CreateTweetViewModel.swift */; };
		CE2FDA762A9E47320054E41E /* AuthViewModel.swift in Sources */ = {isa = PBXBuildFile; fileRef = CE2FDA742A9E47320054E41E /* AuthViewModel.swift */; };
		CE2FDA792A9E47DF0054E41E /* FeedViewModel.swift in Sources */ = {isa = PBXBuildFile; fileRef = CE2FDA782A9E47DF0054E41E /* FeedViewModel.swift */; };
		CE40CF512AA1FDE9008640F8 /* ProfileViewModel.swift in Sources */ = {isa = PBXBuildFile; fileRef = CE40CF502AA1FDE9008640F8 /* ProfileViewModel.swift */; };
		CE40CF532AA204B2008640F8 /* EditProfileViewModel.swift in Sources */ = {isa = PBXBuildFile; fileRef = CE40CF522AA204B2008640F8 /* EditProfileViewModel.swift */; };
		CE491EB02AABB18C00E1678D /* SearchViewModel.swift in Sources */ = {isa = PBXBuildFile; fileRef = CE491EAF2AABB18C00E1678D /* SearchViewModel.swift */; };
		CE6335902A9A880C0093F598 /* Tweet.swift in Sources */ = {isa = PBXBuildFile; fileRef = CE63358F2A9A880C0093F598 /* Tweet.swift */; };
		CE6335952A9A8A1A0093F598 /* RequestServices.swift in Sources */ = {isa = PBXBuildFile; fileRef = CE6335942A9A8A1A0093F598 /* RequestServices.swift */; };
		CE74C0EF2A9E3B2600795629 /* ImageUploader.swift in Sources */ = {isa = PBXBuildFile; fileRef = CE74C0EE2A9E3B2600795629 /* ImageUploader.swift */; };
		CE8137A22A8940A5006C66B0 /* UserProfile.swift in Sources */ = {isa = PBXBuildFile; fileRef = CE8137A12A8940A5006C66B0 /* UserProfile.swift */; };
		CE8137A42A8944D1006C66B0 /* BlurView.swift in Sources */ = {isa = PBXBuildFile; fileRef = CE8137A32A8944D1006C66B0 /* BlurView.swift */; };
		CE8EE6482A95D79100DA1E21 /* User.swift in Sources */ = {isa = PBXBuildFile; fileRef = CE8EE6472A95D79100DA1E21 /* User.swift */; };
		CE8EE64C2A95E2E500DA1E21 /* AuthServices.swift in Sources */ = {isa = PBXBuildFile; fileRef = CE8EE64B2A95E2E500DA1E21 /* AuthServices.swift */; };
		CE96372A2A9D26CC001A5CA1 /* ImagePicker.swift in Sources */ = {isa = PBXBuildFile; fileRef = CE9637292A9D26CC001A5CA1 /* ImagePicker.swift */; };
		CE9CA38F2A9FD0C60076A7CC /* EditProfileView.swift in Sources */ = {isa = PBXBuildFile; fileRef = CE9CA38E2A9FD0C60076A7CC /* EditProfileView.swift */; };
		CE9CA3912A9FDB300076A7CC /* CustomProfileTextField.swift in Sources */ = {isa = PBXBuildFile; fileRef = CE9CA3902A9FDB300076A7CC /* CustomProfileTextField.swift */; };
		CE9CA3932A9FE9DC0076A7CC /* CustomProfileBioTextField.swift in Sources */ = {isa = PBXBuildFile; fileRef = CE9CA3922A9FE9DC0076A7CC /* CustomProfileBioTextField.swift */; };
		CEA99CDA2A8A5AFB009C5A75 /* TabButton.swift in Sources */ = {isa = PBXBuildFile; fileRef = CEA99CD92A8A5AFB009C5A75 /* TabButton.swift */; };
		CEAA8B6B2AA8EDFE005FEB4F /* RefreshableScrollView.swift in Sources */ = {isa = PBXBuildFile; fileRef = CEAA8B6A2AA8EDFE005FEB4F /* RefreshableScrollView.swift */; };
		CEAB38402A8BD90A007B9C04 /* WelcomeView.swift in Sources */ = {isa = PBXBuildFile; fileRef = CEAB383F2A8BD90A007B9C04 /* WelcomeView.swift */; };
		CEAB38422A8BE444007B9C04 /* RegisterView.swift in Sources */ = {isa = PBXBuildFile; fileRef = CEAB38412A8BE444007B9C04 /* RegisterView.swift */; };
		CEAB38442A8BE5B9007B9C04 /* CustomAuthTextField.swift in Sources */ = {isa = PBXBuildFile; fileRef = CEAB38432A8BE5B9007B9C04 /* CustomAuthTextField.swift */; };
		CEAB38462A8BE7B3007B9C04 /* SecureAuthTextField.swift in Sources */ = {isa = PBXBuildFile; fileRef = CEAB38452A8BE7B3007B9C04 /* SecureAuthTextField.swift */; };
		CEAB38482A8BF6DF007B9C04 /* LogInView.swift in Sources */ = {isa = PBXBuildFile; fileRef = CEAB38472A8BF6DF007B9C04 /* LogInView.swift */; };
		CEB4013C2AACA2B600D45A6C /* Notification.swift in Sources */ = {isa = PBXBuildFile; fileRef = CEB4013B2AACA2B600D45A6C /* Notification.swift */; };
		CEB4013F2AACDDB400D45A6C /* NotificationsViewModel.swift in Sources */ = {isa = PBXBuildFile; fileRef = CEB4013E2AACDDB400D45A6C /* NotificationsViewModel.swift */; };
		CEB401AE2A8B8309005C95AF /* CustomTabView.swift in Sources */ = {isa = PBXBuildFile; fileRef = CEB401AD2A8B8309005C95AF /* CustomTabView.swift */; };
		CEB772D92A87A43D00A2C8F4 /* searchUserCell.swift in Sources */ = {isa = PBXBuildFile; fileRef = CEB772D82A87A43D00A2C8F4 /* searchUserCell.swift */; };
		CEB772DB2A87A83400A2C8F4 /* Extensions.swift in Sources */ = {isa = PBXBuildFile; fileRef = CEB772DA2A87A83400A2C8F4 /* Extensions.swift */; };
		CEB772DD2A87AE9D00A2C8F4 /* NotificationsCellView.swift in Sources */ = {isa = PBXBuildFile; fileRef = CEB772DC2A87AE9D00A2C8F4 /* NotificationsCellView.swift */; };
		CEB772DF2A87C5BF00A2C8F4 /* MessagesCellView.swift in Sources */ = {isa = PBXBuildFile; fileRef = CEB772DE2A87C5BE00A2C8F4 /* MessagesCellView.swift */; };
		CEB772E12A87DD5E00A2C8F4 /* TopBar.swift in Sources */ = {isa = PBXBuildFile; fileRef = CEB772E02A87DD5E00A2C8F4 /* TopBar.swift */; };
		CEB772E32A87E15400A2C8F4 /* MainView.swift in Sources */ = {isa = PBXBuildFile; fileRef = CEB772E22A87E15400A2C8F4 /* MainView.swift */; };
		CEB772E52A87E6BF00A2C8F4 /* SlideMenu.swift in Sources */ = {isa = PBXBuildFile; fileRef = CEB772E42A87E6BF00A2C8F4 /* SlideMenu.swift */; };
		CEB772E72A87E89B00A2C8F4 /* FollowView.swift in Sources */ = {isa = PBXBuildFile; fileRef = CEB772E62A87E89B00A2C8F4 /* FollowView.swift */; };
		CEB772E92A87ECDE00A2C8F4 /* MenuButton.swift in Sources */ = {isa = PBXBuildFile; fileRef = CEB772E82A87ECDE00A2C8F4 /* MenuButton.swift */; };
/* End PBXBuildFile section */

/* Begin PBXFileReference section */
		CE1626672A8643240080C802 /* Twitter-Clone.app */ = {isa = PBXFileReference; explicitFileType = wrapper.application; includeInIndex = 0; path = "Twitter-Clone.app"; sourceTree = BUILT_PRODUCTS_DIR; };
		CE16266A2A8643240080C802 /* Twitter_CloneApp.swift */ = {isa = PBXFileReference; lastKnownFileType = sourcecode.swift; path = Twitter_CloneApp.swift; sourceTree = "<group>"; };
		CE16266C2A8643240080C802 /* ContentView.swift */ = {isa = PBXFileReference; lastKnownFileType = sourcecode.swift; path = ContentView.swift; sourceTree = "<group>"; };
		CE16266E2A8643250080C802 /* Assets.xcassets */ = {isa = PBXFileReference; lastKnownFileType = folder.assetcatalog; path = Assets.xcassets; sourceTree = "<group>"; };
		CE1626702A8643250080C802 /* Twitter_Clone.entitlements */ = {isa = PBXFileReference; lastKnownFileType = text.plist.entitlements; path = Twitter_Clone.entitlements; sourceTree = "<group>"; };
		CE1626722A8643250080C802 /* Preview Assets.xcassets */ = {isa = PBXFileReference; lastKnownFileType = folder.assetcatalog; path = "Preview Assets.xcassets"; sourceTree = "<group>"; };
		CE1626872A86455D0080C802 /* Home.swift */ = {isa = PBXFileReference; lastKnownFileType = sourcecode.swift; path = Home.swift; sourceTree = "<group>"; };
		CE1626892A864E550080C802 /* Feed.swift */ = {isa = PBXFileReference; lastKnownFileType = sourcecode.swift; path = Feed.swift; sourceTree = "<group>"; };
		CE16268B2A864E630080C802 /* SearchView.swift */ = {isa = PBXFileReference; lastKnownFileType = sourcecode.swift; path = SearchView.swift; sourceTree = "<group>"; };
		CE16268D2A864E750080C802 /* NotificationsView.swift */ = {isa = PBXFileReference; lastKnownFileType = sourcecode.swift; path = NotificationsView.swift; sourceTree = "<group>"; };
		CE16268F2A864E800080C802 /* MessagesView.swift */ = {isa = PBXFileReference; lastKnownFileType = sourcecode.swift; path = MessagesView.swift; sourceTree = "<group>"; };
		CE1626912A865E430080C802 /* CreateTweetView.swift */ = {isa = PBXFileReference; lastKnownFileType = sourcecode.swift; path = CreateTweetView.swift; sourceTree = "<group>"; };
		CE1626952A86666F0080C802 /* MultilineTextField.swift */ = {isa = PBXFileReference; lastKnownFileType = sourcecode.swift; path = MultilineTextField.swift; sourceTree = "<group>"; };
		CE1626972A86A4400080C802 /* TweetCellView.swift */ = {isa = PBXFileReference; lastKnownFileType = sourcecode.swift; path = TweetCellView.swift; sourceTree = "<group>"; };
		CE1626992A86BDD00080C802 /* SearchCell.swift */ = {isa = PBXFileReference; lastKnownFileType = sourcecode.swift; path = SearchCell.swift; sourceTree = "<group>"; };
		CE16269B2A86BF7A0080C802 /* SearchBar.swift */ = {isa = PBXFileReference; lastKnownFileType = sourcecode.swift; path = SearchBar.swift; sourceTree = "<group>"; };
		CE2AF3A12A9E51200047201E /* TweetCellViewModel.swift */ = {isa = PBXFileReference; lastKnownFileType = sourcecode.swift; path = TweetCellViewModel.swift; sourceTree = "<group>"; };
		CE2E20C52AB4F2B20010898F /* FollowersView.swift */ = {isa = PBXFileReference; lastKnownFileType = sourcecode.swift; path = FollowersView.swift; sourceTree = "<group>"; };
		CE2E20C72AB4F62F0010898F /* FollowingsView.swift */ = {isa = PBXFileReference; lastKnownFileType = sourcecode.swift; path = FollowingsView.swift; sourceTree = "<group>"; };
		CE2FDA722A9E47320054E41E /* CreateTweetViewModel.swift */ = {isa = PBXFileReference; fileEncoding = 4; lastKnownFileType = sourcecode.swift; path = CreateTweetViewModel.swift; sourceTree = "<group>"; };
		CE2FDA742A9E47320054E41E /* AuthViewModel.swift */ = {isa = PBXFileReference; fileEncoding = 4; lastKnownFileType = sourcecode.swift; path = AuthViewModel.swift; sourceTree = "<group>"; };
		CE2FDA782A9E47DF0054E41E /* FeedViewModel.swift */ = {isa = PBXFileReference; lastKnownFileType = sourcecode.swift; path = FeedViewModel.swift; sourceTree = "<group>"; };
		CE40CF502AA1FDE9008640F8 /* ProfileViewModel.swift */ = {isa = PBXFileReference; lastKnownFileType = sourcecode.swift; path = ProfileViewModel.swift; sourceTree = "<group>"; };
		CE40CF522AA204B2008640F8 /* EditProfileViewModel.swift */ = {isa = PBXFileReference; lastKnownFileType = sourcecode.swift; path = EditProfileViewModel.swift; sourceTree = "<group>"; };
		CE491EAF2AABB18C00E1678D /* SearchViewModel.swift */ = {isa = PBXFileReference; lastKnownFileType = sourcecode.swift; path = SearchViewModel.swift; sourceTree = "<group>"; };
		CE63358F2A9A880C0093F598 /* Tweet.swift */ = {isa = PBXFileReference; lastKnownFileType = sourcecode.swift; path = Tweet.swift; sourceTree = "<group>"; };
		CE6335942A9A8A1A0093F598 /* RequestServices.swift */ = {isa = PBXFileReference; lastKnownFileType = sourcecode.swift; path = RequestServices.swift; sourceTree = "<group>"; };
		CE74C0EE2A9E3B2600795629 /* ImageUploader.swift */ = {isa = PBXFileReference; lastKnownFileType = sourcecode.swift; path = ImageUploader.swift; sourceTree = "<group>"; };
		CE8137A12A8940A5006C66B0 /* UserProfile.swift */ = {isa = PBXFileReference; lastKnownFileType = sourcecode.swift; path = UserProfile.swift; sourceTree = "<group>"; };
		CE8137A32A8944D1006C66B0 /* BlurView.swift */ = {isa = PBXFileReference; lastKnownFileType = sourcecode.swift; path = BlurView.swift; sourceTree = "<group>"; };
		CE8EE6472A95D79100DA1E21 /* User.swift */ = {isa = PBXFileReference; lastKnownFileType = sourcecode.swift; path = User.swift; sourceTree = "<group>"; };
		CE8EE64B2A95E2E500DA1E21 /* AuthServices.swift */ = {isa = PBXFileReference; lastKnownFileType = sourcecode.swift; path = AuthServices.swift; sourceTree = "<group>"; };
		CE9637292A9D26CC001A5CA1 /* ImagePicker.swift */ = {isa = PBXFileReference; lastKnownFileType = sourcecode.swift; path = ImagePicker.swift; sourceTree = "<group>"; };
		CE9CA38E2A9FD0C60076A7CC /* EditProfileView.swift */ = {isa = PBXFileReference; lastKnownFileType = sourcecode.swift; path = EditProfileView.swift; sourceTree = "<group>"; };
		CE9CA3902A9FDB300076A7CC /* CustomProfileTextField.swift */ = {isa = PBXFileReference; lastKnownFileType = sourcecode.swift; path = CustomProfileTextField.swift; sourceTree = "<group>"; };
		CE9CA3922A9FE9DC0076A7CC /* CustomProfileBioTextField.swift */ = {isa = PBXFileReference; lastKnownFileType = sourcecode.swift; path = CustomProfileBioTextField.swift; sourceTree = "<group>"; };
		CEA99CD92A8A5AFB009C5A75 /* TabButton.swift */ = {isa = PBXFileReference; lastKnownFileType = sourcecode.swift; path = TabButton.swift; sourceTree = "<group>"; };
		CEAA8B6A2AA8EDFE005FEB4F /* RefreshableScrollView.swift */ = {isa = PBXFileReference; lastKnownFileType = sourcecode.swift; path = RefreshableScrollView.swift; sourceTree = "<group>"; };
		CEAB383F2A8BD90A007B9C04 /* WelcomeView.swift */ = {isa = PBXFileReference; lastKnownFileType = sourcecode.swift; path = WelcomeView.swift; sourceTree = "<group>"; };
		CEAB38412A8BE444007B9C04 /* RegisterView.swift */ = {isa = PBXFileReference; lastKnownFileType = sourcecode.swift; path = RegisterView.swift; sourceTree = "<group>"; };
		CEAB38432A8BE5B9007B9C04 /* CustomAuthTextField.swift */ = {isa = PBXFileReference; lastKnownFileType = sourcecode.swift; path = CustomAuthTextField.swift; sourceTree = "<group>"; };
		CEAB38452A8BE7B3007B9C04 /* SecureAuthTextField.swift */ = {isa = PBXFileReference; lastKnownFileType = sourcecode.swift; path = SecureAuthTextField.swift; sourceTree = "<group>"; };
		CEAB38472A8BF6DF007B9C04 /* LogInView.swift */ = {isa = PBXFileReference; lastKnownFileType = sourcecode.swift; path = LogInView.swift; sourceTree = "<group>"; };
		CEB4013B2AACA2B600D45A6C /* Notification.swift */ = {isa = PBXFileReference; lastKnownFileType = sourcecode.swift; path = Notification.swift; sourceTree = "<group>"; };
		CEB4013E2AACDDB400D45A6C /* NotificationsViewModel.swift */ = {isa = PBXFileReference; lastKnownFileType = sourcecode.swift; path = NotificationsViewModel.swift; sourceTree = "<group>"; };
		CEB401AD2A8B8309005C95AF /* CustomTabView.swift */ = {isa = PBXFileReference; lastKnownFileType = sourcecode.swift; path = CustomTabView.swift; sourceTree = "<group>"; };
		CEB772D82A87A43D00A2C8F4 /* searchUserCell.swift */ = {isa = PBXFileReference; lastKnownFileType = sourcecode.swift; path = searchUserCell.swift; sourceTree = "<group>"; };
		CEB772DA2A87A83400A2C8F4 /* Extensions.swift */ = {isa = PBXFileReference; lastKnownFileType = sourcecode.swift; path = Extensions.swift; sourceTree = "<group>"; };
		CEB772DC2A87AE9D00A2C8F4 /* NotificationsCellView.swift */ = {isa = PBXFileReference; lastKnownFileType = sourcecode.swift; path = NotificationsCellView.swift; sourceTree = "<group>"; };
		CEB772DE2A87C5BE00A2C8F4 /* MessagesCellView.swift */ = {isa = PBXFileReference; lastKnownFileType = sourcecode.swift; path = MessagesCellView.swift; sourceTree = "<group>"; };
		CEB772E02A87DD5E00A2C8F4 /* TopBar.swift */ = {isa = PBXFileReference; lastKnownFileType = sourcecode.swift; path = TopBar.swift; sourceTree = "<group>"; };
		CEB772E22A87E15400A2C8F4 /* MainView.swift */ = {isa = PBXFileReference; lastKnownFileType = sourcecode.swift; path = MainView.swift; sourceTree = "<group>"; };
		CEB772E42A87E6BF00A2C8F4 /* SlideMenu.swift */ = {isa = PBXFileReference; lastKnownFileType = sourcecode.swift; path = SlideMenu.swift; sourceTree = "<group>"; };
		CEB772E62A87E89B00A2C8F4 /* FollowView.swift */ = {isa = PBXFileReference; lastKnownFileType = sourcecode.swift; path = FollowView.swift; sourceTree = "<group>"; };
		CEB772E82A87ECDE00A2C8F4 /* MenuButton.swift */ = {isa = PBXFileReference; lastKnownFileType = sourcecode.swift; path = MenuButton.swift; sourceTree = "<group>"; };
/* End PBXFileReference section */

/* Begin PBXFrameworksBuildPhase section */
		CE1626642A8643240080C802 /* Frameworks */ = {
			isa = PBXFrameworksBuildPhase;
			buildActionMask = 2147483647;
			files = (
				CE2AF3A52A9E5F670047201E /* Kingfisher in Frameworks */,
			);
			runOnlyForDeploymentPostprocessing = 0;
		};
/* End PBXFrameworksBuildPhase section */

/* Begin PBXGroup section */
		CE16265E2A8643240080C802 = {
			isa = PBXGroup;
			children = (
				CE1626692A8643240080C802 /* Twitter-Clone */,
				CE1626682A8643240080C802 /* Products */,
			);
			sourceTree = "<group>";
		};
		CE1626682A8643240080C802 /* Products */ = {
			isa = PBXGroup;
			children = (
				CE1626672A8643240080C802 /* Twitter-Clone.app */,
			);
			name = Products;
			sourceTree = "<group>";
		};
		CE1626692A8643240080C802 /* Twitter-Clone */ = {
			isa = PBXGroup;
			children = (
				CE16267D2A86448E0080C802 /* Extensions */,
				CE16267C2A8644830080C802 /* Services */,
				CE16267B2A8644780080C802 /* Model */,
				CE2FDA702A9E47320054E41E /* ViewModel */,
				CE1626792A8644520080C802 /* View */,
				CE16266A2A8643240080C802 /* Twitter_CloneApp.swift */,
				CE16266E2A8643250080C802 /* Assets.xcassets */,
				CE1626702A8643250080C802 /* Twitter_Clone.entitlements */,
				CE1626712A8643250080C802 /* Preview Content */,
			);
			path = "Twitter-Clone";
			sourceTree = "<group>";
		};
		CE1626712A8643250080C802 /* Preview Content */ = {
			isa = PBXGroup;
			children = (
				CE1626722A8643250080C802 /* Preview Assets.xcassets */,
			);
			path = "Preview Content";
			sourceTree = "<group>";
		};
		CE1626792A8644520080C802 /* View */ = {
			isa = PBXGroup;
			children = (
				CE1626862A86452C0080C802 /* Main */,
				CE1626852A8645270080C802 /* Feed */,
				CE1626842A86451F0080C802 /* Search */,
				CE1626832A8645180080C802 /* Notifications */,
				CE1626822A86450F0080C802 /* Messages */,
				CE1626812A8644DF0080C802 /* Authentication */,
				CE1626802A8644D90080C802 /* Items */,
				CE16267F2A8644D20080C802 /* Post */,
				CE16267E2A8644C10080C802 /* Profile */,
			);
			path = View;
			sourceTree = "<group>";
		};
		CE16267B2A8644780080C802 /* Model */ = {
			isa = PBXGroup;
			children = (
				CE8EE6472A95D79100DA1E21 /* User.swift */,
				CE63358F2A9A880C0093F598 /* Tweet.swift */,
				CEB4013B2AACA2B600D45A6C /* Notification.swift */,
			);
			path = Model;
			sourceTree = "<group>";
		};
		CE16267C2A8644830080C802 /* Services */ = {
			isa = PBXGroup;
			children = (
				CE8EE64B2A95E2E500DA1E21 /* AuthServices.swift */,
				CE6335942A9A8A1A0093F598 /* RequestServices.swift */,
				CE74C0EE2A9E3B2600795629 /* ImageUploader.swift */,
			);
			path = Services;
			sourceTree = "<group>";
		};
		CE16267D2A86448E0080C802 /* Extensions */ = {
			isa = PBXGroup;
			children = (
				CEB772DA2A87A83400A2C8F4 /* Extensions.swift */,
				CE9637292A9D26CC001A5CA1 /* ImagePicker.swift */,
			);
			path = Extensions;
			sourceTree = "<group>";
		};
		CE16267E2A8644C10080C802 /* Profile */ = {
			isa = PBXGroup;
			children = (
				CE8137A12A8940A5006C66B0 /* UserProfile.swift */,
				CE9CA38E2A9FD0C60076A7CC /* EditProfileView.swift */,
				CE8137A32A8944D1006C66B0 /* BlurView.swift */,
			);
			path = Profile;
			sourceTree = "<group>";
		};
		CE16267F2A8644D20080C802 /* Post */ = {
			isa = PBXGroup;
			children = (
				CE1626912A865E430080C802 /* CreateTweetView.swift */,
			);
			path = Post;
			sourceTree = "<group>";
		};
		CE1626802A8644D90080C802 /* Items */ = {
			isa = PBXGroup;
			children = (
				CE1626952A86666F0080C802 /* MultilineTextField.swift */,
				CE16269B2A86BF7A0080C802 /* SearchBar.swift */,
				CEB772E62A87E89B00A2C8F4 /* FollowView.swift */,
				CEB772E82A87ECDE00A2C8F4 /* MenuButton.swift */,
				CEA99CD92A8A5AFB009C5A75 /* TabButton.swift */,
				CEAB38432A8BE5B9007B9C04 /* CustomAuthTextField.swift */,
				CEAB38452A8BE7B3007B9C04 /* SecureAuthTextField.swift */,
				CE9CA3902A9FDB300076A7CC /* CustomProfileTextField.swift */,
				CE9CA3922A9FE9DC0076A7CC /* CustomProfileBioTextField.swift */,
				CEAA8B6A2AA8EDFE005FEB4F /* RefreshableScrollView.swift */,
			);
			path = Items;
			sourceTree = "<group>";
		};
		CE1626812A8644DF0080C802 /* Authentication */ = {
			isa = PBXGroup;
			children = (
				CE16266C2A8643240080C802 /* ContentView.swift */,
				CEAB383F2A8BD90A007B9C04 /* WelcomeView.swift */,
				CEAB38472A8BF6DF007B9C04 /* LogInView.swift */,
				CEAB38412A8BE444007B9C04 /* RegisterView.swift */,
			);
			path = Authentication;
			sourceTree = "<group>";
		};
		CE1626822A86450F0080C802 /* Messages */ = {
			isa = PBXGroup;
			children = (
				CE16268F2A864E800080C802 /* MessagesView.swift */,
				CEB772DE2A87C5BE00A2C8F4 /* MessagesCellView.swift */,
			);
			path = Messages;
			sourceTree = "<group>";
		};
		CE1626832A8645180080C802 /* Notifications */ = {
			isa = PBXGroup;
			children = (
				CE16268D2A864E750080C802 /* NotificationsView.swift */,
				CEB772DC2A87AE9D00A2C8F4 /* NotificationsCellView.swift */,
			);
			path = Notifications;
			sourceTree = "<group>";
		};
		CE1626842A86451F0080C802 /* Search */ = {
			isa = PBXGroup;
			children = (
				CE16268B2A864E630080C802 /* SearchView.swift */,
				CE1626992A86BDD00080C802 /* SearchCell.swift */,
				CEB772D82A87A43D00A2C8F4 /* searchUserCell.swift */,
				CE2E20C52AB4F2B20010898F /* FollowersView.swift */,
				CE2E20C72AB4F62F0010898F /* FollowingsView.swift */,
			);
			path = Search;
			sourceTree = "<group>";
		};
		CE1626852A8645270080C802 /* Feed */ = {
			isa = PBXGroup;
			children = (
				CE1626892A864E550080C802 /* Feed.swift */,
				CE1626972A86A4400080C802 /* TweetCellView.swift */,
			);
			path = Feed;
			sourceTree = "<group>";
		};
		CE1626862A86452C0080C802 /* Main */ = {
			isa = PBXGroup;
			children = (
				CE1626872A86455D0080C802 /* Home.swift */,
				CEB772E02A87DD5E00A2C8F4 /* TopBar.swift */,
				CEB772E22A87E15400A2C8F4 /* MainView.swift */,
				CEB772E42A87E6BF00A2C8F4 /* SlideMenu.swift */,
				CEB401AD2A8B8309005C95AF /* CustomTabView.swift */,
			);
			path = Main;
			sourceTree = "<group>";
		};
		CE2FDA702A9E47320054E41E /* ViewModel */ = {
			isa = PBXGroup;
			children = (
				CEB4013D2AACDD9C00D45A6C /* Notifications */,
				CE491EAE2AABB17C00E1678D /* Search */,
				CE40CF4F2AA1FDB8008640F8 /* Profile */,
				CE2FDA712A9E47320054E41E /* PostTweet */,
				CE2FDA732A9E47320054E41E /* Authentication */,
				CE2FDA772A9E47BB0054E41E /* Feed */,
			);
			name = ViewModel;
			path = "Twitter-Clone/ViewModel";
			sourceTree = SOURCE_ROOT;
		};
		CE2FDA712A9E47320054E41E /* PostTweet */ = {
			isa = PBXGroup;
			children = (
				CE2FDA722A9E47320054E41E /* CreateTweetViewModel.swift */,
			);
			path = PostTweet;
			sourceTree = "<group>";
		};
		CE2FDA732A9E47320054E41E /* Authentication */ = {
			isa = PBXGroup;
			children = (
				CE2FDA742A9E47320054E41E /* AuthViewModel.swift */,
			);
			path = Authentication;
			sourceTree = "<group>";
		};
		CE2FDA772A9E47BB0054E41E /* Feed */ = {
			isa = PBXGroup;
			children = (
				CE2FDA782A9E47DF0054E41E /* FeedViewModel.swift */,
				CE2AF3A12A9E51200047201E /* TweetCellViewModel.swift */,
			);
			path = Feed;
			sourceTree = "<group>";
		};
		CE40CF4F2AA1FDB8008640F8 /* Profile */ = {
			isa = PBXGroup;
			children = (
				CE40CF502AA1FDE9008640F8 /* ProfileViewModel.swift */,
				CE40CF522AA204B2008640F8 /* EditProfileViewModel.swift */,
			);
			path = Profile;
			sourceTree = "<group>";
		};
		CE491EAE2AABB17C00E1678D /* Search */ = {
			isa = PBXGroup;
			children = (
				CE491EAF2AABB18C00E1678D /* SearchViewModel.swift */,
			);
			path = Search;
			sourceTree = "<group>";
		};
		CEB4013D2AACDD9C00D45A6C /* Notifications */ = {
			isa = PBXGroup;
			children = (
				CEB4013E2AACDDB400D45A6C /* NotificationsViewModel.swift */,
			);
			path = Notifications;
			sourceTree = "<group>";
		};
/* End PBXGroup section */

/* Begin PBXNativeTarget section */
		CE1626662A8643240080C802 /* Twitter-Clone */ = {
			isa = PBXNativeTarget;
			buildConfigurationList = CE1626762A8643250080C802 /* Build configuration list for PBXNativeTarget "Twitter-Clone" */;
			buildPhases = (
				CE1626632A8643240080C802 /* Sources */,
				CE1626642A8643240080C802 /* Frameworks */,
				CE1626652A8643240080C802 /* Resources */,
			);
			buildRules = (
			);
			dependencies = (
			);
			name = "Twitter-Clone";
			packageProductDependencies = (
				CE2AF3A42A9E5F670047201E /* Kingfisher */,
			);
			productName = "Twitter-Clone";
			productReference = CE1626672A8643240080C802 /* Twitter-Clone.app */;
			productType = "com.apple.product-type.application";
		};
/* End PBXNativeTarget section */

/* Begin PBXProject section */
		CE16265F2A8643240080C802 /* Project object */ = {
			isa = PBXProject;
			attributes = {
				BuildIndependentTargetsInParallel = 1;
				LastSwiftUpdateCheck = 1430;
				LastUpgradeCheck = 1430;
				TargetAttributes = {
					CE1626662A8643240080C802 = {
						CreatedOnToolsVersion = 14.3.1;
					};
				};
			};
			buildConfigurationList = CE1626622A8643240080C802 /* Build configuration list for PBXProject "Twitter-Clone" */;
			compatibilityVersion = "Xcode 14.0";
			developmentRegion = en;
			hasScannedForEncodings = 0;
			knownRegions = (
				en,
				Base,
			);
			mainGroup = CE16265E2A8643240080C802;
			packageReferences = (
				CE2AF3A32A9E5F670047201E /* XCRemoteSwiftPackageReference "Kingfisher" */,
			);
			productRefGroup = CE1626682A8643240080C802 /* Products */;
			projectDirPath = "";
			projectRoot = "";
			targets = (
				CE1626662A8643240080C802 /* Twitter-Clone */,
			);
		};
/* End PBXProject section */

/* Begin PBXResourcesBuildPhase section */
		CE1626652A8643240080C802 /* Resources */ = {
			isa = PBXResourcesBuildPhase;
			buildActionMask = 2147483647;
			files = (
				CE1626732A8643250080C802 /* Preview Assets.xcassets in Resources */,
				CE16266F2A8643250080C802 /* Assets.xcassets in Resources */,
			);
			runOnlyForDeploymentPostprocessing = 0;
		};
/* End PBXResourcesBuildPhase section */

/* Begin PBXSourcesBuildPhase section */
		CE1626632A8643240080C802 /* Sources */ = {
			isa = PBXSourcesBuildPhase;
			buildActionMask = 2147483647;
			files = (
				CE2AF3A22A9E51200047201E /* TweetCellViewModel.swift in Sources */,
				CEAB38482A8BF6DF007B9C04 /* LogInView.swift in Sources */,
				CEB772D92A87A43D00A2C8F4 /* searchUserCell.swift in Sources */,
				CEB772E32A87E15400A2C8F4 /* MainView.swift in Sources */,
				CE2E20C62AB4F2B20010898F /* FollowersView.swift in Sources */,
				CE8137A42A8944D1006C66B0 /* BlurView.swift in Sources */,
				CE8EE6482A95D79100DA1E21 /* User.swift in Sources */,
				CE9CA3912A9FDB300076A7CC /* CustomProfileTextField.swift in Sources */,
				CE2FDA792A9E47DF0054E41E /* FeedViewModel.swift in Sources */,
				CE6335952A9A8A1A0093F598 /* RequestServices.swift in Sources */,
				CE6335902A9A880C0093F598 /* Tweet.swift in Sources */,
				CEB4013C2AACA2B600D45A6C /* Notification.swift in Sources */,
				CEB772E92A87ECDE00A2C8F4 /* MenuButton.swift in Sources */,
				CE96372A2A9D26CC001A5CA1 /* ImagePicker.swift in Sources */,
				CE1626982A86A4400080C802 /* TweetCellView.swift in Sources */,
				CE16269A2A86BDD00080C802 /* SearchCell.swift in Sources */,
				CE1626922A865E430080C802 /* CreateTweetView.swift in Sources */,
				CEAB38402A8BD90A007B9C04 /* WelcomeView.swift in Sources */,
				CEB772E52A87E6BF00A2C8F4 /* SlideMenu.swift in Sources */,
				CEAB38422A8BE444007B9C04 /* RegisterView.swift in Sources */,
				CE40CF512AA1FDE9008640F8 /* ProfileViewModel.swift in Sources */,
				CEB772DF2A87C5BF00A2C8F4 /* MessagesCellView.swift in Sources */,
				CE16268C2A864E630080C802 /* SearchView.swift in Sources */,
				CE16266D2A8643240080C802 /* ContentView.swift in Sources */,
				CE2FDA762A9E47320054E41E /* AuthViewModel.swift in Sources */,
				CE16269C2A86BF7A0080C802 /* SearchBar.swift in Sources */,
				CEAB38442A8BE5B9007B9C04 /* CustomAuthTextField.swift in Sources */,
				CE16268A2A864E560080C802 /* Feed.swift in Sources */,
				CEB772E12A87DD5E00A2C8F4 /* TopBar.swift in Sources */,
				CE9CA38F2A9FD0C60076A7CC /* EditProfileView.swift in Sources */,
				CE491EB02AABB18C00E1678D /* SearchViewModel.swift in Sources */,
				CE74C0EF2A9E3B2600795629 /* ImageUploader.swift in Sources */,
				CE1626882A86455D0080C802 /* Home.swift in Sources */,
				CE8EE64C2A95E2E500DA1E21 /* AuthServices.swift in Sources */,
				CEB772E72A87E89B00A2C8F4 /* FollowView.swift in Sources */,
				CE1626902A864E800080C802 /* MessagesView.swift in Sources */,
				CE8137A22A8940A5006C66B0 /* UserProfile.swift in Sources */,
				CE2E20C82AB4F62F0010898F /* FollowingsView.swift in Sources */,
				CE1626962A86666F0080C802 /* MultilineTextField.swift in Sources */,
				CE16266B2A8643240080C802 /* Twitter_CloneApp.swift in Sources */,
				CE16268E2A864E750080C802 /* NotificationsView.swift in Sources */,
				CEAA8B6B2AA8EDFE005FEB4F /* RefreshableScrollView.swift in Sources */,
				CE9CA3932A9FE9DC0076A7CC /* CustomProfileBioTextField.swift in Sources */,
				CEA99CDA2A8A5AFB009C5A75 /* TabButton.swift in Sources */,
				CEB4013F2AACDDB400D45A6C /* NotificationsViewModel.swift in Sources */,
				CEB401AE2A8B8309005C95AF /* CustomTabView.swift in Sources */,
				CEAB38462A8BE7B3007B9C04 /* SecureAuthTextField.swift in Sources */,
				CEB772DD2A87AE9D00A2C8F4 /* NotificationsCellView.swift in Sources */,
				CE40CF532AA204B2008640F8 /* EditProfileViewModel.swift in Sources */,
				CE2FDA752A9E47320054E41E /* CreateTweetViewModel.swift in Sources */,
				CEB772DB2A87A83400A2C8F4 /* Extensions.swift in Sources */,
			);
			runOnlyForDeploymentPostprocessing = 0;
		};
/* End PBXSourcesBuildPhase section */

/* Begin XCBuildConfiguration section */
		CE1626742A8643250080C802 /* Debug */ = {
			isa = XCBuildConfiguration;
			buildSettings = {
				ALWAYS_SEARCH_USER_PATHS = NO;
				CLANG_ANALYZER_NONNULL = YES;
				CLANG_ANALYZER_NUMBER_OBJECT_CONVERSION = YES_AGGRESSIVE;
				CLANG_CXX_LANGUAGE_STANDARD = "gnu++20";
				CLANG_ENABLE_MODULES = YES;
				CLANG_ENABLE_OBJC_ARC = YES;
				CLANG_ENABLE_OBJC_WEAK = YES;
				CLANG_WARN_BLOCK_CAPTURE_AUTORELEASING = YES;
				CLANG_WARN_BOOL_CONVERSION = YES;
				CLANG_WARN_COMMA = YES;
				CLANG_WARN_CONSTANT_CONVERSION = YES;
				CLANG_WARN_DEPRECATED_OBJC_IMPLEMENTATIONS = YES;
				CLANG_WARN_DIRECT_OBJC_ISA_USAGE = YES_ERROR;
				CLANG_WARN_DOCUMENTATION_COMMENTS = YES;
				CLANG_WARN_EMPTY_BODY = YES;
				CLANG_WARN_ENUM_CONVERSION = YES;
				CLANG_WARN_INFINITE_RECURSION = YES;
				CLANG_WARN_INT_CONVERSION = YES;
				CLANG_WARN_NON_LITERAL_NULL_CONVERSION = YES;
				CLANG_WARN_OBJC_IMPLICIT_RETAIN_SELF = YES;
				CLANG_WARN_OBJC_LITERAL_CONVERSION = YES;
				CLANG_WARN_OBJC_ROOT_CLASS = YES_ERROR;
				CLANG_WARN_QUOTED_INCLUDE_IN_FRAMEWORK_HEADER = YES;
				CLANG_WARN_RANGE_LOOP_ANALYSIS = YES;
				CLANG_WARN_STRICT_PROTOTYPES = YES;
				CLANG_WARN_SUSPICIOUS_MOVE = YES;
				CLANG_WARN_UNGUARDED_AVAILABILITY = YES_AGGRESSIVE;
				CLANG_WARN_UNREACHABLE_CODE = YES;
				CLANG_WARN__DUPLICATE_METHOD_MATCH = YES;
				COPY_PHASE_STRIP = NO;
				DEBUG_INFORMATION_FORMAT = dwarf;
				ENABLE_STRICT_OBJC_MSGSEND = YES;
				ENABLE_TESTABILITY = YES;
				GCC_C_LANGUAGE_STANDARD = gnu11;
				GCC_DYNAMIC_NO_PIC = NO;
				GCC_NO_COMMON_BLOCKS = YES;
				GCC_OPTIMIZATION_LEVEL = 0;
				GCC_PREPROCESSOR_DEFINITIONS = (
					"DEBUG=1",
					"$(inherited)",
				);
				GCC_WARN_64_TO_32_BIT_CONVERSION = YES;
				GCC_WARN_ABOUT_RETURN_TYPE = YES_ERROR;
				GCC_WARN_UNDECLARED_SELECTOR = YES;
				GCC_WARN_UNINITIALIZED_AUTOS = YES_AGGRESSIVE;
				GCC_WARN_UNUSED_FUNCTION = YES;
				GCC_WARN_UNUSED_VARIABLE = YES;
				MTL_ENABLE_DEBUG_INFO = INCLUDE_SOURCE;
				MTL_FAST_MATH = YES;
				ONLY_ACTIVE_ARCH = YES;
				SWIFT_ACTIVE_COMPILATION_CONDITIONS = DEBUG;
				SWIFT_OPTIMIZATION_LEVEL = "-Onone";
			};
			name = Debug;
		};
		CE1626752A8643250080C802 /* Release */ = {
			isa = XCBuildConfiguration;
			buildSettings = {
				ALWAYS_SEARCH_USER_PATHS = NO;
				CLANG_ANALYZER_NONNULL = YES;
				CLANG_ANALYZER_NUMBER_OBJECT_CONVERSION = YES_AGGRESSIVE;
				CLANG_CXX_LANGUAGE_STANDARD = "gnu++20";
				CLANG_ENABLE_MODULES = YES;
				CLANG_ENABLE_OBJC_ARC = YES;
				CLANG_ENABLE_OBJC_WEAK = YES;
				CLANG_WARN_BLOCK_CAPTURE_AUTORELEASING = YES;
				CLANG_WARN_BOOL_CONVERSION = YES;
				CLANG_WARN_COMMA = YES;
				CLANG_WARN_CONSTANT_CONVERSION = YES;
				CLANG_WARN_DEPRECATED_OBJC_IMPLEMENTATIONS = YES;
				CLANG_WARN_DIRECT_OBJC_ISA_USAGE = YES_ERROR;
				CLANG_WARN_DOCUMENTATION_COMMENTS = YES;
				CLANG_WARN_EMPTY_BODY = YES;
				CLANG_WARN_ENUM_CONVERSION = YES;
				CLANG_WARN_INFINITE_RECURSION = YES;
				CLANG_WARN_INT_CONVERSION = YES;
				CLANG_WARN_NON_LITERAL_NULL_CONVERSION = YES;
				CLANG_WARN_OBJC_IMPLICIT_RETAIN_SELF = YES;
				CLANG_WARN_OBJC_LITERAL_CONVERSION = YES;
				CLANG_WARN_OBJC_ROOT_CLASS = YES_ERROR;
				CLANG_WARN_QUOTED_INCLUDE_IN_FRAMEWORK_HEADER = YES;
				CLANG_WARN_RANGE_LOOP_ANALYSIS = YES;
				CLANG_WARN_STRICT_PROTOTYPES = YES;
				CLANG_WARN_SUSPICIOUS_MOVE = YES;
				CLANG_WARN_UNGUARDED_AVAILABILITY = YES_AGGRESSIVE;
				CLANG_WARN_UNREACHABLE_CODE = YES;
				CLANG_WARN__DUPLICATE_METHOD_MATCH = YES;
				COPY_PHASE_STRIP = NO;
				DEBUG_INFORMATION_FORMAT = "dwarf-with-dsym";
				ENABLE_NS_ASSERTIONS = NO;
				ENABLE_STRICT_OBJC_MSGSEND = YES;
				GCC_C_LANGUAGE_STANDARD = gnu11;
				GCC_NO_COMMON_BLOCKS = YES;
				GCC_WARN_64_TO_32_BIT_CONVERSION = YES;
				GCC_WARN_ABOUT_RETURN_TYPE = YES_ERROR;
				GCC_WARN_UNDECLARED_SELECTOR = YES;
				GCC_WARN_UNINITIALIZED_AUTOS = YES_AGGRESSIVE;
				GCC_WARN_UNUSED_FUNCTION = YES;
				GCC_WARN_UNUSED_VARIABLE = YES;
				MTL_ENABLE_DEBUG_INFO = NO;
				MTL_FAST_MATH = YES;
				SWIFT_COMPILATION_MODE = wholemodule;
				SWIFT_OPTIMIZATION_LEVEL = "-O";
			};
			name = Release;
		};
		CE1626772A8643250080C802 /* Debug */ = {
			isa = XCBuildConfiguration;
			buildSettings = {
				ASSETCATALOG_COMPILER_APPICON_NAME = AppIcon;
				ASSETCATALOG_COMPILER_GLOBAL_ACCENT_COLOR_NAME = AccentColor;
				CODE_SIGN_ENTITLEMENTS = "Twitter-Clone/Twitter_Clone.entitlements";
				CODE_SIGN_STYLE = Automatic;
				CURRENT_PROJECT_VERSION = 1;
				DEVELOPMENT_ASSET_PATHS = "\"Twitter-Clone/Preview Content\"";
				DEVELOPMENT_TEAM = VSDX4GJ8RC;
				ENABLE_HARDENED_RUNTIME = YES;
				ENABLE_PREVIEWS = YES;
				GENERATE_INFOPLIST_FILE = YES;
				"INFOPLIST_KEY_UIApplicationSceneManifest_Generation[sdk=iphoneos*]" = YES;
				"INFOPLIST_KEY_UIApplicationSceneManifest_Generation[sdk=iphonesimulator*]" = YES;
				"INFOPLIST_KEY_UIApplicationSupportsIndirectInputEvents[sdk=iphoneos*]" = YES;
				"INFOPLIST_KEY_UIApplicationSupportsIndirectInputEvents[sdk=iphonesimulator*]" = YES;
				"INFOPLIST_KEY_UILaunchScreen_Generation[sdk=iphoneos*]" = YES;
				"INFOPLIST_KEY_UILaunchScreen_Generation[sdk=iphonesimulator*]" = YES;
				"INFOPLIST_KEY_UIStatusBarStyle[sdk=iphoneos*]" = UIStatusBarStyleDefault;
				"INFOPLIST_KEY_UIStatusBarStyle[sdk=iphonesimulator*]" = UIStatusBarStyleDefault;
				INFOPLIST_KEY_UISupportedInterfaceOrientations_iPad = "UIInterfaceOrientationPortrait UIInterfaceOrientationPortraitUpsideDown UIInterfaceOrientationLandscapeLeft UIInterfaceOrientationLandscapeRight";
				INFOPLIST_KEY_UISupportedInterfaceOrientations_iPhone = "UIInterfaceOrientationPortrait UIInterfaceOrientationLandscapeLeft UIInterfaceOrientationLandscapeRight";
				IPHONEOS_DEPLOYMENT_TARGET = 16.4;
				LD_RUNPATH_SEARCH_PATHS = "@executable_path/Frameworks";
				"LD_RUNPATH_SEARCH_PATHS[sdk=macosx*]" = "@executable_path/../Frameworks";
				MACOSX_DEPLOYMENT_TARGET = 13.3;
				MARKETING_VERSION = 1.0;
				PRODUCT_BUNDLE_IDENTIFIER = "George-Zabakhidze.Twitter-Clone";
				PRODUCT_NAME = "$(TARGET_NAME)";
				SDKROOT = auto;
				SUPPORTED_PLATFORMS = "iphoneos iphonesimulator macosx";
				SWIFT_EMIT_LOC_STRINGS = YES;
				SWIFT_VERSION = 5.0;
				TARGETED_DEVICE_FAMILY = "1,2";
			};
			name = Debug;
		};
		CE1626782A8643250080C802 /* Release */ = {
			isa = XCBuildConfiguration;
			buildSettings = {
				ASSETCATALOG_COMPILER_APPICON_NAME = AppIcon;
				ASSETCATALOG_COMPILER_GLOBAL_ACCENT_COLOR_NAME = AccentColor;
				CODE_SIGN_ENTITLEMENTS = "Twitter-Clone/Twitter_Clone.entitlements";
				CODE_SIGN_STYLE = Automatic;
				CURRENT_PROJECT_VERSION = 1;
				DEVELOPMENT_ASSET_PATHS = "\"Twitter-Clone/Preview Content\"";
				DEVELOPMENT_TEAM = VSDX4GJ8RC;
				ENABLE_HARDENED_RUNTIME = YES;
				ENABLE_PREVIEWS = YES;
				GENERATE_INFOPLIST_FILE = YES;
				"INFOPLIST_KEY_UIApplicationSceneManifest_Generation[sdk=iphoneos*]" = YES;
				"INFOPLIST_KEY_UIApplicationSceneManifest_Generation[sdk=iphonesimulator*]" = YES;
				"INFOPLIST_KEY_UIApplicationSupportsIndirectInputEvents[sdk=iphoneos*]" = YES;
				"INFOPLIST_KEY_UIApplicationSupportsIndirectInputEvents[sdk=iphonesimulator*]" = YES;
				"INFOPLIST_KEY_UILaunchScreen_Generation[sdk=iphoneos*]" = YES;
				"INFOPLIST_KEY_UILaunchScreen_Generation[sdk=iphonesimulator*]" = YES;
				"INFOPLIST_KEY_UIStatusBarStyle[sdk=iphoneos*]" = UIStatusBarStyleDefault;
				"INFOPLIST_KEY_UIStatusBarStyle[sdk=iphonesimulator*]" = UIStatusBarStyleDefault;
				INFOPLIST_KEY_UISupportedInterfaceOrientations_iPad = "UIInterfaceOrientationPortrait UIInterfaceOrientationPortraitUpsideDown UIInterfaceOrientationLandscapeLeft UIInterfaceOrientationLandscapeRight";
				INFOPLIST_KEY_UISupportedInterfaceOrientations_iPhone = "UIInterfaceOrientationPortrait UIInterfaceOrientationLandscapeLeft UIInterfaceOrientationLandscapeRight";
				IPHONEOS_DEPLOYMENT_TARGET = 16.4;
				LD_RUNPATH_SEARCH_PATHS = "@executable_path/Frameworks";
				"LD_RUNPATH_SEARCH_PATHS[sdk=macosx*]" = "@executable_path/../Frameworks";
				MACOSX_DEPLOYMENT_TARGET = 13.3;
				MARKETING_VERSION = 1.0;
				PRODUCT_BUNDLE_IDENTIFIER = "George-Zabakhidze.Twitter-Clone";
				PRODUCT_NAME = "$(TARGET_NAME)";
				SDKROOT = auto;
				SUPPORTED_PLATFORMS = "iphoneos iphonesimulator macosx";
				SWIFT_EMIT_LOC_STRINGS = YES;
				SWIFT_VERSION = 5.0;
				TARGETED_DEVICE_FAMILY = "1,2";
			};
			name = Release;
		};
/* End XCBuildConfiguration section */

/* Begin XCConfigurationList section */
		CE1626622A8643240080C802 /* Build configuration list for PBXProject "Twitter-Clone" */ = {
			isa = XCConfigurationList;
			buildConfigurations = (
				CE1626742A8643250080C802 /* Debug */,
				CE1626752A8643250080C802 /* Release */,
			);
			defaultConfigurationIsVisible = 0;
			defaultConfigurationName = Release;
		};
		CE1626762A8643250080C802 /* Build configuration list for PBXNativeTarget "Twitter-Clone" */ = {
			isa = XCConfigurationList;
			buildConfigurations = (
				CE1626772A8643250080C802 /* Debug */,
				CE1626782A8643250080C802 /* Release */,
			);
			defaultConfigurationIsVisible = 0;
			defaultConfigurationName = Release;
		};
/* End XCConfigurationList section */

/* Begin XCRemoteSwiftPackageReference section */
		CE2AF3A32A9E5F670047201E /* XCRemoteSwiftPackageReference "Kingfisher" */ = {
			isa = XCRemoteSwiftPackageReference;
			repositoryURL = "https://github.com/onevcat/Kingfisher.git";
			requirement = {
				kind = upToNextMajorVersion;
				minimumVersion = 7.0.0;
			};
		};
/* End XCRemoteSwiftPackageReference section */

/* Begin XCSwiftPackageProductDependency section */
		CE2AF3A42A9E5F670047201E /* Kingfisher */ = {
			isa = XCSwiftPackageProductDependency;
			package = CE2AF3A32A9E5F670047201E /* XCRemoteSwiftPackageReference "Kingfisher" */;
			productName = Kingfisher;
		};
/* End XCSwiftPackageProductDependency section */
	};
	rootObject = CE16265F2A8643240080C802 /* Project object */;
}
